
Microsoft Visual Studio Solution File, Format Version 12.00
# Visual Studio Version 17
VisualStudioVersion = 17.10.34928.147
MinimumVisualStudioVersion = 10.0.40219.1
Project("{FAE04EC0-301F-11D3-BF4B-00C04F79EFBC}") = "wf1", "wf1\wf1.csproj", "{46C8E371-6AF5-4FD4-B786-085746AE688E}"
EndProject
Global
	GlobalSection(SolutionConfigurationPlatforms) = preSolution
		Debug|Any CPU = Debug|Any CPU
		Release|Any CPU = Release|Any CPU
	EndGlobalSection
	GlobalSection(ProjectConfigurationPlatforms) = postSolution
		{46C8E371-6AF5-4FD4-B786-085746AE688E}.Debug|Any CPU.ActiveCfg = Debug|Any CPU
		{46C8E371-6AF5-4FD4-B786-085746AE688E}.Debug|Any CPU.Build.0 = Debug|Any CPU
		{46C8E371-6AF5-4FD4-B786-085746AE688E}.Release|Any CPU.ActiveCfg = Release|Any CPU
		{46C8E371-6AF5-4FD4-B786-085746AE688E}.Release|Any CPU.Build.0 = Release|Any CPU
	EndGlobalSection
	GlobalSection(SolutionProperties) = preSolution
		HideSolutionNode = FALSE
	EndGlobalSection
	GlobalSection(ExtensibilityGlobals) = postSolution
		SolutionGuid = {1B364294-09C3-45DF-B67C-843CA0161307}
	EndGlobalSection
EndGlobal
